
Microsoft Visual Studio Solution File, Format Version 12.00
# Visual Studio 15
VisualStudioVersion = 15.0.28307.1022
MinimumVisualStudioVersion = 10.0.40219.1
Project("{FAE04EC0-301F-11D3-BF4B-00C04F79EFBC}") = "ClassLibraryNetCore", "ClassLibraryNetCore\ClassLibraryNetCore.csproj", "{82157C7F-4CA3-4994-BEBC-C26F80CD5F40}"
EndProject
Global
	GlobalSection(SolutionConfigurationPlatforms) = preSolution
		Debug|Any CPU = Debug|Any CPU
		Release|Any CPU = Release|Any CPU
	EndGlobalSection
	GlobalSection(ProjectConfigurationPlatforms) = postSolution
		{82157C7F-4CA3-4994-BEBC-C26F80CD5F40}.Debug|Any CPU.ActiveCfg = Debug|Any CPU
		{82157C7F-4CA3-4994-BEBC-C26F80CD5F40}.Debug|Any CPU.Build.0 = Debug|Any CPU
		{82157C7F-4CA3-4994-BEBC-C26F80CD5F40}.Release|Any CPU.ActiveCfg = Release|Any CPU
		{82157C7F-4CA3-4994-BEBC-C26F80CD5F40}.Release|Any CPU.Build.0 = Release|Any CPU
	EndGlobalSection
	GlobalSection(SolutionProperties) = preSolution
		HideSolutionNode = FALSE
	EndGlobalSection
	GlobalSection(ExtensibilityGlobals) = postSolution
		SolutionGuid = {1608861F-DA08-4333-81F4-93776B549C80}
	EndGlobalSection
EndGlobal
