
Microsoft Visual Studio Solution File, Format Version 12.00
# Visual Studio 15
VisualStudioVersion = 15.0.28307.1022
MinimumVisualStudioVersion = 10.0.40219.1
Project("{FAE04EC0-301F-11D3-BF4B-00C04F79EFBC}") = "PostComment", "PostComment\PostComment.csproj", "{83297B9D-FE8D-463E-BA10-D5C19DB008D7}"
EndProject
Project("{FAE04EC0-301F-11D3-BF4B-00C04F79EFBC}") = "ObjectWCF", "ObjectWCF\ObjectWCF.csproj", "{BC836940-2FDA-4A5F-BB85-7F0D04DD69FB}"
EndProject
Project("{FAE04EC0-301F-11D3-BF4B-00C04F79EFBC}") = "HostWCF", "HostWCF\HostWCF.csproj", "{C5766A9C-962F-435C-88C8-C2DE09BE403B}"
EndProject
Project("{FAE04EC0-301F-11D3-BF4B-00C04F79EFBC}") = "ClientPostComment", "ClientPostComment\ClientPostComment.csproj", "{BD28E8C6-B3C1-4A61-B02E-435E3BB15D90}"
EndProject
Global
	GlobalSection(SolutionConfigurationPlatforms) = preSolution
		Debug|Any CPU = Debug|Any CPU
		Release|Any CPU = Release|Any CPU
	EndGlobalSection
	GlobalSection(ProjectConfigurationPlatforms) = postSolution
		{83297B9D-FE8D-463E-BA10-D5C19DB008D7}.Debug|Any CPU.ActiveCfg = Debug|Any CPU
		{83297B9D-FE8D-463E-BA10-D5C19DB008D7}.Debug|Any CPU.Build.0 = Debug|Any CPU
		{83297B9D-FE8D-463E-BA10-D5C19DB008D7}.Release|Any CPU.ActiveCfg = Release|Any CPU
		{83297B9D-FE8D-463E-BA10-D5C19DB008D7}.Release|Any CPU.Build.0 = Release|Any CPU
		{BC836940-2FDA-4A5F-BB85-7F0D04DD69FB}.Debug|Any CPU.ActiveCfg = Debug|Any CPU
		{BC836940-2FDA-4A5F-BB85-7F0D04DD69FB}.Debug|Any CPU.Build.0 = Debug|Any CPU
		{BC836940-2FDA-4A5F-BB85-7F0D04DD69FB}.Release|Any CPU.ActiveCfg = Release|Any CPU
		{BC836940-2FDA-4A5F-BB85-7F0D04DD69FB}.Release|Any CPU.Build.0 = Release|Any CPU
		{C5766A9C-962F-435C-88C8-C2DE09BE403B}.Debug|Any CPU.ActiveCfg = Debug|Any CPU
		{C5766A9C-962F-435C-88C8-C2DE09BE403B}.Debug|Any CPU.Build.0 = Debug|Any CPU
		{C5766A9C-962F-435C-88C8-C2DE09BE403B}.Release|Any CPU.ActiveCfg = Release|Any CPU
		{C5766A9C-962F-435C-88C8-C2DE09BE403B}.Release|Any CPU.Build.0 = Release|Any CPU
		{BD28E8C6-B3C1-4A61-B02E-435E3BB15D90}.Debug|Any CPU.ActiveCfg = Debug|Any CPU
		{BD28E8C6-B3C1-4A61-B02E-435E3BB15D90}.Debug|Any CPU.Build.0 = Debug|Any CPU
		{BD28E8C6-B3C1-4A61-B02E-435E3BB15D90}.Release|Any CPU.ActiveCfg = Release|Any CPU
		{BD28E8C6-B3C1-4A61-B02E-435E3BB15D90}.Release|Any CPU.Build.0 = Release|Any CPU
	EndGlobalSection
	GlobalSection(SolutionProperties) = preSolution
		HideSolutionNode = FALSE
	EndGlobalSection
	GlobalSection(ExtensibilityGlobals) = postSolution
		SolutionGuid = {9EE24661-42E4-4413-9C78-5608B05DFC82}
	EndGlobalSection
EndGlobal
